
Microsoft Visual Studio Solution File, Format Version 12.00
# Visual Studio Version 17
VisualStudioVersion = 17.11.35222.181
MinimumVisualStudioVersion = 10.0.40219.1
Project("{9A19103F-16F7-4668-BE54-9A1E7A4F7556}") = "BookSwap", "BookSwap.csproj", "{DC222A94-53A5-4C88-BC0C-7C93473DE972}"
EndProject
Project("{FAE04EC0-301F-11D3-BF4B-00C04F79EFBC}") = "WPFBookSwap", "..\WPFBookSwap\WPFBookSwap.csproj", "{C5D8A656-9ADC-40E4-BD99-B7992DD0E3F9}"
EndProject
Global
	GlobalSection(SolutionConfigurationPlatforms) = preSolution
		Debug|Any CPU = Debug|Any CPU
		Release|Any CPU = Release|Any CPU
	EndGlobalSection
	GlobalSection(ProjectConfigurationPlatforms) = postSolution
		{DC222A94-53A5-4C88-BC0C-7C93473DE972}.Debug|Any CPU.ActiveCfg = Debug|Any CPU
		{DC222A94-53A5-4C88-BC0C-7C93473DE972}.Debug|Any CPU.Build.0 = Debug|Any CPU
		{DC222A94-53A5-4C88-BC0C-7C93473DE972}.Release|Any CPU.ActiveCfg = Release|Any CPU
		{DC222A94-53A5-4C88-BC0C-7C93473DE972}.Release|Any CPU.Build.0 = Release|Any CPU
		{C5D8A656-9ADC-40E4-BD99-B7992DD0E3F9}.Debug|Any CPU.ActiveCfg = Debug|Any CPU
		{C5D8A656-9ADC-40E4-BD99-B7992DD0E3F9}.Debug|Any CPU.Build.0 = Debug|Any CPU
		{C5D8A656-9ADC-40E4-BD99-B7992DD0E3F9}.Release|Any CPU.ActiveCfg = Release|Any CPU
		{C5D8A656-9ADC-40E4-BD99-B7992DD0E3F9}.Release|Any CPU.Build.0 = Release|Any CPU
	EndGlobalSection
	GlobalSection(SolutionProperties) = preSolution
		HideSolutionNode = FALSE
	EndGlobalSection
	GlobalSection(ExtensibilityGlobals) = postSolution
		SolutionGuid = {C8106093-2B54-4A2C-BFAA-DC15137E007A}
	EndGlobalSection
EndGlobal
