
Microsoft Visual Studio Solution File, Format Version 12.00
# Visual Studio Version 17
VisualStudioVersion = 17.11.35222.181
MinimumVisualStudioVersion = 10.0.40219.1
Project("{FAE04EC0-301F-11D3-BF4B-00C04F79EFBC}") = "BookSwapApp", "BookSwapApp.csproj", "{CFB0C045-F92C-4971-9389-C7DC137E68C0}"
EndProject
Global
	GlobalSection(SolutionConfigurationPlatforms) = preSolution
		Debug|Any CPU = Debug|Any CPU
		Release|Any CPU = Release|Any CPU
	EndGlobalSection
	GlobalSection(ProjectConfigurationPlatforms) = postSolution
		{CFB0C045-F92C-4971-9389-C7DC137E68C0}.Debug|Any CPU.ActiveCfg = Debug|Any CPU
		{CFB0C045-F92C-4971-9389-C7DC137E68C0}.Debug|Any CPU.Build.0 = Debug|Any CPU
		{CFB0C045-F92C-4971-9389-C7DC137E68C0}.Release|Any CPU.ActiveCfg = Release|Any CPU
		{CFB0C045-F92C-4971-9389-C7DC137E68C0}.Release|Any CPU.Build.0 = Release|Any CPU
	EndGlobalSection
	GlobalSection(SolutionProperties) = preSolution
		HideSolutionNode = FALSE
	EndGlobalSection
	GlobalSection(ExtensibilityGlobals) = postSolution
		SolutionGuid = {58CC2B2D-E922-4E78-B045-7C1D9BC77528}
	EndGlobalSection
EndGlobal
